
Microsoft Visual Studio Solution File, Format Version 12.00
# Visual Studio Version 17
VisualStudioVersion = 17.3.32804.467
MinimumVisualStudioVersion = 10.0.40219.1
Project("{888888A0-9F3D-457C-B088-3A5042F75D52}") = "Pythontest", "Pythontest\Pythontest.pyproj", "{76B74575-243D-44BD-AD9A-00C1DD311DCC}"
EndProject
Project("{FAE04EC0-301F-11D3-BF4B-00C04F79EFBC}") = "ConsoleApp1", "ConsoleApp1\ConsoleApp1.csproj", "{03295F20-0B8F-4B90-A981-4BD2CCE11C16}"
EndProject
Project("{8BC9CEB8-8B4A-11D0-8D11-00A0C91BC942}") = "CUDA", "CUDA\CUDA.vcxproj", "{737231DE-CA9D-45D1-9695-B7EB4DCB49DA}"
EndProject
Project("{FAE04EC0-301F-11D3-BF4B-00C04F79EFBC}") = "computational_graph", "computational_graph\computational_graph.csproj", "{FAD7D210-B5DE-4D39-BC12-39DEC6963922}"
EndProject
Project("{9A19103F-16F7-4668-BE54-9A1E7A4F7556}") = "computational_graph_core", "computational_graph_core\computational_graph_core.csproj", "{CE7464CB-71AA-4493-BC8A-6CDC691F435A}"
EndProject
Project("{9A19103F-16F7-4668-BE54-9A1E7A4F7556}") = "测试", "测试\测试.csproj", "{44ADD4F5-D67A-45D2-8C3A-F7D3261AF3C6}"
EndProject
Project("{9A19103F-16F7-4668-BE54-9A1E7A4F7556}") = "WeaveNetE", "WeaveNetE\WeaveNetE.csproj", "{6FFA5E16-DC22-4ED6-B50E-5DB40010085A}"
EndProject
Project("{2150E333-8FDC-42A3-9474-1A3956D46DE8}") = "国产兼容测试", "国产兼容测试", "{2B133F2D-03E9-4EAF-9F0D-E69FB6AF788F}"
EndProject
Project("{2150E333-8FDC-42A3-9474-1A3956D46DE8}") = "对比测试", "对比测试", "{848104C3-A3AF-4B98-BF1C-4373A592B260}"
EndProject
Global
	GlobalSection(SolutionConfigurationPlatforms) = preSolution
		Debug|Any CPU = Debug|Any CPU
		Debug|x64 = Debug|x64
		Debug|x86 = Debug|x86
		Release|Any CPU = Release|Any CPU
		Release|x64 = Release|x64
		Release|x86 = Release|x86
	EndGlobalSection
	GlobalSection(ProjectConfigurationPlatforms) = postSolution
		{76B74575-243D-44BD-AD9A-00C1DD311DCC}.Debug|Any CPU.ActiveCfg = Debug|Any CPU
		{76B74575-243D-44BD-AD9A-00C1DD311DCC}.Debug|x64.ActiveCfg = Debug|Any CPU
		{76B74575-243D-44BD-AD9A-00C1DD311DCC}.Debug|x86.ActiveCfg = Debug|Any CPU
		{76B74575-243D-44BD-AD9A-00C1DD311DCC}.Release|Any CPU.ActiveCfg = Release|Any CPU
		{76B74575-243D-44BD-AD9A-00C1DD311DCC}.Release|x64.ActiveCfg = Release|Any CPU
		{76B74575-243D-44BD-AD9A-00C1DD311DCC}.Release|x86.ActiveCfg = Release|Any CPU
		{03295F20-0B8F-4B90-A981-4BD2CCE11C16}.Debug|Any CPU.ActiveCfg = Debug|Any CPU
		{03295F20-0B8F-4B90-A981-4BD2CCE11C16}.Debug|Any CPU.Build.0 = Debug|Any CPU
		{03295F20-0B8F-4B90-A981-4BD2CCE11C16}.Debug|x64.ActiveCfg = Debug|Any CPU
		{03295F20-0B8F-4B90-A981-4BD2CCE11C16}.Debug|x64.Build.0 = Debug|Any CPU
		{03295F20-0B8F-4B90-A981-4BD2CCE11C16}.Debug|x86.ActiveCfg = Debug|Any CPU
		{03295F20-0B8F-4B90-A981-4BD2CCE11C16}.Debug|x86.Build.0 = Debug|Any CPU
		{03295F20-0B8F-4B90-A981-4BD2CCE11C16}.Release|Any CPU.ActiveCfg = Release|Any CPU
		{03295F20-0B8F-4B90-A981-4BD2CCE11C16}.Release|Any CPU.Build.0 = Release|Any CPU
		{03295F20-0B8F-4B90-A981-4BD2CCE11C16}.Release|x64.ActiveCfg = Release|Any CPU
		{03295F20-0B8F-4B90-A981-4BD2CCE11C16}.Release|x64.Build.0 = Release|Any CPU
		{03295F20-0B8F-4B90-A981-4BD2CCE11C16}.Release|x86.ActiveCfg = Release|Any CPU
		{03295F20-0B8F-4B90-A981-4BD2CCE11C16}.Release|x86.Build.0 = Release|Any CPU
		{737231DE-CA9D-45D1-9695-B7EB4DCB49DA}.Debug|Any CPU.ActiveCfg = Debug|x64
		{737231DE-CA9D-45D1-9695-B7EB4DCB49DA}.Debug|x64.ActiveCfg = Debug|x64
		{737231DE-CA9D-45D1-9695-B7EB4DCB49DA}.Debug|x64.Build.0 = Debug|x64
		{737231DE-CA9D-45D1-9695-B7EB4DCB49DA}.Debug|x86.ActiveCfg = Debug|Win32
		{737231DE-CA9D-45D1-9695-B7EB4DCB49DA}.Debug|x86.Build.0 = Debug|Win32
		{737231DE-CA9D-45D1-9695-B7EB4DCB49DA}.Release|Any CPU.ActiveCfg = Release|Win32
		{737231DE-CA9D-45D1-9695-B7EB4DCB49DA}.Release|x64.ActiveCfg = Release|x64
		{737231DE-CA9D-45D1-9695-B7EB4DCB49DA}.Release|x64.Build.0 = Release|x64
		{737231DE-CA9D-45D1-9695-B7EB4DCB49DA}.Release|x86.ActiveCfg = Release|Win32
		{737231DE-CA9D-45D1-9695-B7EB4DCB49DA}.Release|x86.Build.0 = Release|Win32
		{FAD7D210-B5DE-4D39-BC12-39DEC6963922}.Debug|Any CPU.ActiveCfg = Debug|Any CPU
		{FAD7D210-B5DE-4D39-BC12-39DEC6963922}.Debug|Any CPU.Build.0 = Debug|Any CPU
		{FAD7D210-B5DE-4D39-BC12-39DEC6963922}.Debug|x64.ActiveCfg = Debug|Any CPU
		{FAD7D210-B5DE-4D39-BC12-39DEC6963922}.Debug|x64.Build.0 = Debug|Any CPU
		{FAD7D210-B5DE-4D39-BC12-39DEC6963922}.Debug|x86.ActiveCfg = Debug|Any CPU
		{FAD7D210-B5DE-4D39-BC12-39DEC6963922}.Debug|x86.Build.0 = Debug|Any CPU
		{FAD7D210-B5DE-4D39-BC12-39DEC6963922}.Release|Any CPU.ActiveCfg = Release|Any CPU
		{FAD7D210-B5DE-4D39-BC12-39DEC6963922}.Release|Any CPU.Build.0 = Release|Any CPU
		{FAD7D210-B5DE-4D39-BC12-39DEC6963922}.Release|x64.ActiveCfg = Release|Any CPU
		{FAD7D210-B5DE-4D39-BC12-39DEC6963922}.Release|x64.Build.0 = Release|Any CPU
		{FAD7D210-B5DE-4D39-BC12-39DEC6963922}.Release|x86.ActiveCfg = Release|Any CPU
		{FAD7D210-B5DE-4D39-BC12-39DEC6963922}.Release|x86.Build.0 = Release|Any CPU
		{CE7464CB-71AA-4493-BC8A-6CDC691F435A}.Debug|Any CPU.ActiveCfg = Debug|Any CPU
		{CE7464CB-71AA-4493-BC8A-6CDC691F435A}.Debug|Any CPU.Build.0 = Debug|Any CPU
		{CE7464CB-71AA-4493-BC8A-6CDC691F435A}.Debug|x64.ActiveCfg = Debug|Any CPU
		{CE7464CB-71AA-4493-BC8A-6CDC691F435A}.Debug|x64.Build.0 = Debug|Any CPU
		{CE7464CB-71AA-4493-BC8A-6CDC691F435A}.Debug|x86.ActiveCfg = Debug|Any CPU
		{CE7464CB-71AA-4493-BC8A-6CDC691F435A}.Debug|x86.Build.0 = Debug|Any CPU
		{CE7464CB-71AA-4493-BC8A-6CDC691F435A}.Release|Any CPU.ActiveCfg = Release|Any CPU
		{CE7464CB-71AA-4493-BC8A-6CDC691F435A}.Release|Any CPU.Build.0 = Release|Any CPU
		{CE7464CB-71AA-4493-BC8A-6CDC691F435A}.Release|x64.ActiveCfg = Release|Any CPU
		{CE7464CB-71AA-4493-BC8A-6CDC691F435A}.Release|x64.Build.0 = Release|Any CPU
		{CE7464CB-71AA-4493-BC8A-6CDC691F435A}.Release|x86.ActiveCfg = Release|Any CPU
		{CE7464CB-71AA-4493-BC8A-6CDC691F435A}.Release|x86.Build.0 = Release|Any CPU
		{44ADD4F5-D67A-45D2-8C3A-F7D3261AF3C6}.Debug|Any CPU.ActiveCfg = Debug|Any CPU
		{44ADD4F5-D67A-45D2-8C3A-F7D3261AF3C6}.Debug|Any CPU.Build.0 = Debug|Any CPU
		{44ADD4F5-D67A-45D2-8C3A-F7D3261AF3C6}.Debug|x64.ActiveCfg = Debug|Any CPU
		{44ADD4F5-D67A-45D2-8C3A-F7D3261AF3C6}.Debug|x64.Build.0 = Debug|Any CPU
		{44ADD4F5-D67A-45D2-8C3A-F7D3261AF3C6}.Debug|x86.ActiveCfg = Debug|Any CPU
		{44ADD4F5-D67A-45D2-8C3A-F7D3261AF3C6}.Debug|x86.Build.0 = Debug|Any CPU
		{44ADD4F5-D67A-45D2-8C3A-F7D3261AF3C6}.Release|Any CPU.ActiveCfg = Release|Any CPU
		{44ADD4F5-D67A-45D2-8C3A-F7D3261AF3C6}.Release|Any CPU.Build.0 = Release|Any CPU
		{44ADD4F5-D67A-45D2-8C3A-F7D3261AF3C6}.Release|x64.ActiveCfg = Release|Any CPU
		{44ADD4F5-D67A-45D2-8C3A-F7D3261AF3C6}.Release|x64.Build.0 = Release|Any CPU
		{44ADD4F5-D67A-45D2-8C3A-F7D3261AF3C6}.Release|x86.ActiveCfg = Release|Any CPU
		{44ADD4F5-D67A-45D2-8C3A-F7D3261AF3C6}.Release|x86.Build.0 = Release|Any CPU
		{6FFA5E16-DC22-4ED6-B50E-5DB40010085A}.Debug|Any CPU.ActiveCfg = Debug|Any CPU
		{6FFA5E16-DC22-4ED6-B50E-5DB40010085A}.Debug|Any CPU.Build.0 = Debug|Any CPU
		{6FFA5E16-DC22-4ED6-B50E-5DB40010085A}.Debug|x64.ActiveCfg = Debug|Any CPU
		{6FFA5E16-DC22-4ED6-B50E-5DB40010085A}.Debug|x64.Build.0 = Debug|Any CPU
		{6FFA5E16-DC22-4ED6-B50E-5DB40010085A}.Debug|x86.ActiveCfg = Debug|Any CPU
		{6FFA5E16-DC22-4ED6-B50E-5DB40010085A}.Debug|x86.Build.0 = Debug|Any CPU
		{6FFA5E16-DC22-4ED6-B50E-5DB40010085A}.Release|Any CPU.ActiveCfg = Release|Any CPU
		{6FFA5E16-DC22-4ED6-B50E-5DB40010085A}.Release|Any CPU.Build.0 = Release|Any CPU
		{6FFA5E16-DC22-4ED6-B50E-5DB40010085A}.Release|x64.ActiveCfg = Release|Any CPU
		{6FFA5E16-DC22-4ED6-B50E-5DB40010085A}.Release|x64.Build.0 = Release|Any CPU
		{6FFA5E16-DC22-4ED6-B50E-5DB40010085A}.Release|x86.ActiveCfg = Release|Any CPU
		{6FFA5E16-DC22-4ED6-B50E-5DB40010085A}.Release|x86.Build.0 = Release|Any CPU
	EndGlobalSection
	GlobalSection(SolutionProperties) = preSolution
		HideSolutionNode = FALSE
	EndGlobalSection
	GlobalSection(NestedProjects) = preSolution
		{76B74575-243D-44BD-AD9A-00C1DD311DCC} = {848104C3-A3AF-4B98-BF1C-4373A592B260}
		{03295F20-0B8F-4B90-A981-4BD2CCE11C16} = {848104C3-A3AF-4B98-BF1C-4373A592B260}
		{737231DE-CA9D-45D1-9695-B7EB4DCB49DA} = {848104C3-A3AF-4B98-BF1C-4373A592B260}
		{44ADD4F5-D67A-45D2-8C3A-F7D3261AF3C6} = {848104C3-A3AF-4B98-BF1C-4373A592B260}
		{6FFA5E16-DC22-4ED6-B50E-5DB40010085A} = {2B133F2D-03E9-4EAF-9F0D-E69FB6AF788F}
	EndGlobalSection
	GlobalSection(ExtensibilityGlobals) = postSolution
		SolutionGuid = {339AE769-FB50-4E91-8BE3-7782777E86E4}
	EndGlobalSection
EndGlobal
