
Microsoft Visual Studio Solution File, Format Version 12.00
# Visual Studio Version 16
VisualStudioVersion = 16.0.30114.128
MinimumVisualStudioVersion = 10.0.40219.1
Project("{FAE04EC0-301F-11D3-BF4B-00C04F79EFBC}") = "computational_graph", "computational_graph\computational_graph.csproj", "{FAD7D210-B5DE-4D39-BC12-39DEC6963922}"
EndProject
Project("{FAE04EC0-301F-11D3-BF4B-00C04F79EFBC}") = "GPU测试", "GPU测试\GPU测试.csproj", "{D377C4A8-B9AC-4342-A8D4-7D967B65B782}"
EndProject
Global
	GlobalSection(SolutionConfigurationPlatforms) = preSolution
		Debug|Any CPU = Debug|Any CPU
		Release|Any CPU = Release|Any CPU
	EndGlobalSection
	GlobalSection(ProjectConfigurationPlatforms) = postSolution
		{FAD7D210-B5DE-4D39-BC12-39DEC6963922}.Debug|Any CPU.ActiveCfg = Debug|Any CPU
		{FAD7D210-B5DE-4D39-BC12-39DEC6963922}.Debug|Any CPU.Build.0 = Debug|Any CPU
		{FAD7D210-B5DE-4D39-BC12-39DEC6963922}.Release|Any CPU.ActiveCfg = Release|Any CPU
		{FAD7D210-B5DE-4D39-BC12-39DEC6963922}.Release|Any CPU.Build.0 = Release|Any CPU
		{D377C4A8-B9AC-4342-A8D4-7D967B65B782}.Debug|Any CPU.ActiveCfg = Debug|Any CPU
		{D377C4A8-B9AC-4342-A8D4-7D967B65B782}.Debug|Any CPU.Build.0 = Debug|Any CPU
		{D377C4A8-B9AC-4342-A8D4-7D967B65B782}.Release|Any CPU.ActiveCfg = Release|Any CPU
		{D377C4A8-B9AC-4342-A8D4-7D967B65B782}.Release|Any CPU.Build.0 = Release|Any CPU
	EndGlobalSection
	GlobalSection(SolutionProperties) = preSolution
		HideSolutionNode = FALSE
	EndGlobalSection
	GlobalSection(ExtensibilityGlobals) = postSolution
		SolutionGuid = {339AE769-FB50-4E91-8BE3-7782777E86E4}
	EndGlobalSection
EndGlobal
